{
  "name": "demo-node-js-app",
  "version": "1.0.0",
  "lockfileVersion": 2,
  "requires": true,
  "packages": {
    "": {
      "name": "demo-node-js-app",
      "version": "1.0.0",
      "license": "ISC",
      "dependencies": {
        "impress": "^3.0.0-alpha.3"
      }
    },
    "node_modules/concolor": {
      "version": "1.0.3",
      "resolved": "https://registry.npmjs.org/concolor/-/concolor-1.0.3.tgz",
      "integrity": "sha512-fA6KxucO7k0mKJ1nKyV1jFC6clcIsvhogXLHRUJkLd5aB2WyB5iNvushcHBpD6ZCH1sAOdhmR3NgpJls5qNXAA==",
      "engines": {
        "node": "14 || 16 || 18"
      },
      "funding": {
        "type": "patreon",
        "url": "https://www.patreon.com/tshemsedinov"
      }
    },
    "node_modules/impress": {
      "version": "3.0.0-alpha.3",
      "resolved": "https://registry.npmjs.org/impress/-/impress-3.0.0-alpha.3.tgz",
      "integrity": "sha512-jbm5UWOtBspl3iN2SABtC43DhKuAj1hB512xve2+OR7fUos/x40+HEtbUDuYzTE/3gF/2B/dan6njpCnirMdVQ==",
      "dependencies": {
        "metacom": "^3.0.0-alpha.3",
        "metaconfiguration": "^2.1.8",
        "metalog": "^3.1.9",
        "metaschema": "^2.1.0",
        "metautil": "^3.5.21",
        "metavm": "^1.2.1",
        "metawatch": "^1.0.6"
      },
      "engines": {
        "node": "14 || 16 || 18"
      },
      "funding": {
        "type": "patreon",
        "url": "https://www.patreon.com/tshemsedinov"
      }
    },
    "node_modules/metacom": {
      "version": "3.0.0-alpha.3",
      "resolved": "https://registry.npmjs.org/metacom/-/metacom-3.0.0-alpha.3.tgz",
      "integrity": "sha512-nJISoYlLdfgkA3sZ+Hl1MAWdL3seFOJilWXfk38lIQfZUGXFEyrgyOr5nOEZo5HcWdyziHVCXgO8omPUIlspcQ==",
      "dependencies": {
        "metautil": "^3.5.21",
        "ws": "^8.8.1"
      },
      "engines": {
        "node": "14 || 16 || 18"
      },
      "funding": {
        "type": "patreon",
        "url": "https://www.patreon.com/tshemsedinov"
      }
    },
    "node_modules/metaconfiguration": {
      "version": "2.1.8",
      "resolved": "https://registry.npmjs.org/metaconfiguration/-/metaconfiguration-2.1.8.tgz",
      "integrity": "sha512-egWRorkacbdsCj3JsR2+0+N2ldyi1JADwqH4jy9/d2qcthZXSdyWUMCAnZMMukpdGdJsJ+OdikmgzBB3LlouIA==",
      "dependencies": {
        "metavm": "^1.2.0"
      },
      "engines": {
        "node": "14 || 16 || 18"
      },
      "funding": {
        "type": "patreon",
        "url": "https://www.patreon.com/tshemsedinov"
      }
    },
    "node_modules/metalog": {
      "version": "3.1.9",
      "resolved": "https://registry.npmjs.org/metalog/-/metalog-3.1.9.tgz",
      "integrity": "sha512-5ElrmxTF6IU2Q3ldH/seFDJaVGECiGkstqlombiVfq9y0s1dv72m+iYUwX7El1hhm7FhRVvjQrVmCoxTnqtHMA==",
      "dependencies": {
        "concolor": "^1.0.3",
        "metautil": "^3.5.21"
      },
      "engines": {
        "node": "14 || 16 || 18"
      },
      "funding": {
        "type": "patreon",
        "url": "https://www.patreon.com/tshemsedinov"
      }
    },
    "node_modules/metaschema": {
      "version": "2.1.0",
      "resolved": "https://registry.npmjs.org/metaschema/-/metaschema-2.1.0.tgz",
      "integrity": "sha512-0l+qltiJs4aEZ7vqgUaFAGRbNTwqA6ZXzciJwg4n+hcabPxVqH3lQlMCSQZVVmcm0/OvLnWgq8UaLtvZ6jXmaQ==",
      "dependencies": {
        "metautil": "^3.5.20",
        "metavm": "^1.2.0"
      },
      "engines": {
        "node": "14 || 16 || 18"
      },
      "funding": {
        "type": "patreon",
        "url": "https://www.patreon.com/tshemsedinov"
      }
    },
    "node_modules/metautil": {
      "version": "3.5.21",
      "resolved": "https://registry.npmjs.org/metautil/-/metautil-3.5.21.tgz",
      "integrity": "sha512-24MjQE2M4N6AbGy+IKvTDMi56NAyk6xGkyZSKpezDtsCgYimD3nSiyfh+MkLd0rDsqbIu/dwn8iC21cYblOXXA==",
      "engines": {
        "node": "14 || 16 || 18"
      },
      "funding": {
        "type": "patreon",
        "url": "https://www.patreon.com/tshemsedinov"
      }
    },
    "node_modules/metavm": {
      "version": "1.2.1",
      "resolved": "https://registry.npmjs.org/metavm/-/metavm-1.2.1.tgz",
      "integrity": "sha512-zrfPUhNLZwAglW0/3FhgHW0cgPzANFJb0ekoBcY2LG00heu6+4I+qiU36Z1rcxeYVF/QrYouzGG1/e/Xopyrig==",
      "engines": {
        "node": "^14.6 || 16 || 18"
      },
      "funding": {
        "type": "patreon",
        "url": "https://www.patreon.com/tshemsedinov"
      }
    },
    "node_modules/metawatch": {
      "version": "1.0.6",
      "resolved": "https://registry.npmjs.org/metawatch/-/metawatch-1.0.6.tgz",
      "integrity": "sha512-4cyJTC0KUf9fYgZr/gFZy/krFSptuZiDgFytAwrY2fokwOJghEVZOPPpux/r+LG0PTg317YaNdVFEsTaCQjLOw==",
      "engines": {
        "node": "14 || 16 || 18"
      },
      "funding": {
        "type": "patreon",
        "url": "https://www.patreon.com/tshemsedinov"
      }
    },
    "node_modules/ws": {
      "version": "8.8.1",
      "resolved": "https://registry.npmjs.org/ws/-/ws-8.8.1.tgz",
      "integrity": "sha512-bGy2JzvzkPowEJV++hF07hAD6niYSr0JzBNo/J29WsB57A2r7Wlc1UFcTR9IzrPvuNVO4B8LGqF8qcpsVOhJCA==",
      "engines": {
        "node": ">=10.0.0"
      },
      "peerDependencies": {
        "bufferutil": "^4.0.1",
        "utf-8-validate": "^5.0.2"
      },
      "peerDependenciesMeta": {
        "bufferutil": {
          "optional": true
        },
        "utf-8-validate": {
          "optional": true
        }
      }
    }
  },
  "dependencies": {
    "concolor": {
      "version": "1.0.3",
      "resolved": "https://registry.npmjs.org/concolor/-/concolor-1.0.3.tgz",
      "integrity": "sha512-fA6KxucO7k0mKJ1nKyV1jFC6clcIsvhogXLHRUJkLd5aB2WyB5iNvushcHBpD6ZCH1sAOdhmR3NgpJls5qNXAA=="
    },
    "impress": {
      "version": "3.0.0-alpha.3",
      "resolved": "https://registry.npmjs.org/impress/-/impress-3.0.0-alpha.3.tgz",
      "integrity": "sha512-jbm5UWOtBspl3iN2SABtC43DhKuAj1hB512xve2+OR7fUos/x40+HEtbUDuYzTE/3gF/2B/dan6njpCnirMdVQ==",
      "requires": {
        "metacom": "^3.0.0-alpha.3",
        "metaconfiguration": "^2.1.8",
        "metalog": "^3.1.9",
        "metaschema": "^2.1.0",
        "metautil": "^3.5.21",
        "metavm": "^1.2.1",
        "metawatch": "^1.0.6"
      }
    },
    "metacom": {
      "version": "3.0.0-alpha.3",
      "resolved": "https://registry.npmjs.org/metacom/-/metacom-3.0.0-alpha.3.tgz",
      "integrity": "sha512-nJISoYlLdfgkA3sZ+Hl1MAWdL3seFOJilWXfk38lIQfZUGXFEyrgyOr5nOEZo5HcWdyziHVCXgO8omPUIlspcQ==",
      "requires": {
        "metautil": "^3.5.21",
        "ws": "^8.8.1"
      }
    },
    "metaconfiguration": {
      "version": "2.1.8",
      "resolved": "https://registry.npmjs.org/metaconfiguration/-/metaconfiguration-2.1.8.tgz",
      "integrity": "sha512-egWRorkacbdsCj3JsR2+0+N2ldyi1JADwqH4jy9/d2qcthZXSdyWUMCAnZMMukpdGdJsJ+OdikmgzBB3LlouIA==",
      "requires": {
        "metavm": "^1.2.0"
      }
    },
    "metalog": {
      "version": "3.1.9",
      "resolved": "https://registry.npmjs.org/metalog/-/metalog-3.1.9.tgz",
      "integrity": "sha512-5ElrmxTF6IU2Q3ldH/seFDJaVGECiGkstqlombiVfq9y0s1dv72m+iYUwX7El1hhm7FhRVvjQrVmCoxTnqtHMA==",
      "requires": {
        "concolor": "^1.0.3",
        "metautil": "^3.5.21"
      }
    },
    "metaschema": {
      "version": "2.1.0",
      "resolved": "https://registry.npmjs.org/metaschema/-/metaschema-2.1.0.tgz",
      "integrity": "sha512-0l+qltiJs4aEZ7vqgUaFAGRbNTwqA6ZXzciJwg4n+hcabPxVqH3lQlMCSQZVVmcm0/OvLnWgq8UaLtvZ6jXmaQ==",
      "requires": {
        "metautil": "^3.5.20",
        "metavm": "^1.2.0"
      }
    },
    "metautil": {
      "version": "3.5.21",
      "resolved": "https://registry.npmjs.org/metautil/-/metautil-3.5.21.tgz",
      "integrity": "sha512-24MjQE2M4N6AbGy+IKvTDMi56NAyk6xGkyZSKpezDtsCgYimD3nSiyfh+MkLd0rDsqbIu/dwn8iC21cYblOXXA=="
    },
    "metavm": {
      "version": "1.2.1",
      "resolved": "https://registry.npmjs.org/metavm/-/metavm-1.2.1.tgz",
      "integrity": "sha512-zrfPUhNLZwAglW0/3FhgHW0cgPzANFJb0ekoBcY2LG00heu6+4I+qiU36Z1rcxeYVF/QrYouzGG1/e/Xopyrig=="
    },
    "metawatch": {
      "version": "1.0.6",
      "resolved": "https://registry.npmjs.org/metawatch/-/metawatch-1.0.6.tgz",
      "integrity": "sha512-4cyJTC0KUf9fYgZr/gFZy/krFSptuZiDgFytAwrY2fokwOJghEVZOPPpux/r+LG0PTg317YaNdVFEsTaCQjLOw=="
    },
    "ws": {
      "version": "8.8.1",
      "resolved": "https://registry.npmjs.org/ws/-/ws-8.8.1.tgz",
      "integrity": "sha512-bGy2JzvzkPowEJV++hF07hAD6niYSr0JzBNo/J29WsB57A2r7Wlc1UFcTR9IzrPvuNVO4B8LGqF8qcpsVOhJCA==",
      "requires": {}
    }
  }
}
